// !$*UTF8*$!
{
	archiveVersion = 1;
	classes = {
	};
	objectVersion = 55;
	objects = {

/* Begin PBXBuildFile section */
		5C1BC9B6898671165CF38384 /* Pods_TriunfoChallengeP.framework in Frameworks */ = {isa = PBXBuildFile; fileRef = 9D75D5080E745D99FAD519C1 /* Pods_TriunfoChallengeP.framework */; };
		A4ED4CED287504CC00481812 /* AppDelegate.swift in Sources */ = {isa = PBXBuildFile; fileRef = A4ED4CEC287504CC00481812 /* AppDelegate.swift */; };
		A4ED4CEF287504CC00481812 /* SceneDelegate.swift in Sources */ = {isa = PBXBuildFile; fileRef = A4ED4CEE287504CC00481812 /* SceneDelegate.swift */; };
		A4ED4CF1287504CC00481812 /* ViewController.swift in Sources */ = {isa = PBXBuildFile; fileRef = A4ED4CF0287504CC00481812 /* ViewController.swift */; };
		A4ED4CF4287504CC00481812 /* Main.storyboard in Resources */ = {isa = PBXBuildFile; fileRef = A4ED4CF2287504CC00481812 /* Main.storyboard */; };
		A4ED4CF6287504CD00481812 /* Assets.xcassets in Resources */ = {isa = PBXBuildFile; fileRef = A4ED4CF5287504CD00481812 /* Assets.xcassets */; };
		A4ED4CF9287504CD00481812 /* LaunchScreen.storyboard in Resources */ = {isa = PBXBuildFile; fileRef = A4ED4CF7287504CD00481812 /* LaunchScreen.storyboard */; };
		A4ED4D01287505A300481812 /* TabBar.swift in Sources */ = {isa = PBXBuildFile; fileRef = A4ED4D00287505A300481812 /* TabBar.swift */; };
		A4ED4D052875A6F200481812 /* TrendingViewController.swift in Sources */ = {isa = PBXBuildFile; fileRef = A4ED4D042875A6F200481812 /* TrendingViewController.swift */; };
		A4ED4D072875A74B00481812 /* SearchViewController.swift in Sources */ = {isa = PBXBuildFile; fileRef = A4ED4D062875A74B00481812 /* SearchViewController.swift */; };
		A4ED4D0B287635AF00481812 /* FeaturedCollectionViewController.swift in Sources */ = {isa = PBXBuildFile; fileRef = A4ED4D0A287635AF00481812 /* FeaturedCollectionViewController.swift */; };
		A4ED4D0F2877176000481812 /* UIViewControllerExtension.swift in Sources */ = {isa = PBXBuildFile; fileRef = A4ED4D0E2877176000481812 /* UIViewControllerExtension.swift */; };
		A4ED4D1228771C9F00481812 /* Oswald-Medium.ttf in Resources */ = {isa = PBXBuildFile; fileRef = A4ED4D1128771C9F00481812 /* Oswald-Medium.ttf */; };
		A4ED4D1428771CF100481812 /* Quicksand-Medium.ttf in Resources */ = {isa = PBXBuildFile; fileRef = A4ED4D1328771CF100481812 /* Quicksand-Medium.ttf */; };
		A4ED4D1628771CFC00481812 /* Quicksand-Regular.ttf in Resources */ = {isa = PBXBuildFile; fileRef = A4ED4D1528771CFC00481812 /* Quicksand-Regular.ttf */; };
		A4ED4D182877203500481812 /* Oswald-Regular.ttf in Resources */ = {isa = PBXBuildFile; fileRef = A4ED4D172877203500481812 /* Oswald-Regular.ttf */; };
/* End PBXBuildFile section */

/* Begin PBXFileReference section */
		0300A574FD802F5D61AF4C88 /* Pods-TriunfoChallengeP.release.xcconfig */ = {isa = PBXFileReference; includeInIndex = 1; lastKnownFileType = text.xcconfig; name = "Pods-TriunfoChallengeP.release.xcconfig"; path = "Target Support Files/Pods-TriunfoChallengeP/Pods-TriunfoChallengeP.release.xcconfig"; sourceTree = "<group>"; };
		2DB4D0F6744AEF44A6A65964 /* Pods-TriunfoChallengeP.debug.xcconfig */ = {isa = PBXFileReference; includeInIndex = 1; lastKnownFileType = text.xcconfig; name = "Pods-TriunfoChallengeP.debug.xcconfig"; path = "Target Support Files/Pods-TriunfoChallengeP/Pods-TriunfoChallengeP.debug.xcconfig"; sourceTree = "<group>"; };
		9D75D5080E745D99FAD519C1 /* Pods_TriunfoChallengeP.framework */ = {isa = PBXFileReference; explicitFileType = wrapper.framework; includeInIndex = 0; path = Pods_TriunfoChallengeP.framework; sourceTree = BUILT_PRODUCTS_DIR; };
		A4ED4CE9287504CC00481812 /* TriunfoChallengeP.app */ = {isa = PBXFileReference; explicitFileType = wrapper.application; includeInIndex = 0; path = TriunfoChallengeP.app; sourceTree = BUILT_PRODUCTS_DIR; };
		A4ED4CEC287504CC00481812 /* AppDelegate.swift */ = {isa = PBXFileReference; lastKnownFileType = sourcecode.swift; path = AppDelegate.swift; sourceTree = "<group>"; };
		A4ED4CEE287504CC00481812 /* SceneDelegate.swift */ = {isa = PBXFileReference; lastKnownFileType = sourcecode.swift; path = SceneDelegate.swift; sourceTree = "<group>"; };
		A4ED4CF0287504CC00481812 /* ViewController.swift */ = {isa = PBXFileReference; lastKnownFileType = sourcecode.swift; path = ViewController.swift; sourceTree = "<group>"; };
		A4ED4CF3287504CC00481812 /* Base */ = {isa = PBXFileReference; lastKnownFileType = file.storyboard; name = Base; path = Base.lproj/Main.storyboard; sourceTree = "<group>"; };
		A4ED4CF5287504CD00481812 /* Assets.xcassets */ = {isa = PBXFileReference; lastKnownFileType = folder.assetcatalog; path = Assets.xcassets; sourceTree = "<group>"; };
		A4ED4CF8287504CD00481812 /* Base */ = {isa = PBXFileReference; lastKnownFileType = file.storyboard; name = Base; path = Base.lproj/LaunchScreen.storyboard; sourceTree = "<group>"; };
		A4ED4CFA287504CD00481812 /* Info.plist */ = {isa = PBXFileReference; lastKnownFileType = text.plist.xml; path = Info.plist; sourceTree = "<group>"; };
		A4ED4D00287505A300481812 /* TabBar.swift */ = {isa = PBXFileReference; lastKnownFileType = sourcecode.swift; path = TabBar.swift; sourceTree = "<group>"; };
		A4ED4D042875A6F200481812 /* TrendingViewController.swift */ = {isa = PBXFileReference; lastKnownFileType = sourcecode.swift; path = TrendingViewController.swift; sourceTree = "<group>"; };
		A4ED4D062875A74B00481812 /* SearchViewController.swift */ = {isa = PBXFileReference; lastKnownFileType = sourcecode.swift; path = SearchViewController.swift; sourceTree = "<group>"; };
		A4ED4D0A287635AF00481812 /* FeaturedCollectionViewController.swift */ = {isa = PBXFileReference; lastKnownFileType = sourcecode.swift; path = FeaturedCollectionViewController.swift; sourceTree = "<group>"; };
		A4ED4D0E2877176000481812 /* UIViewControllerExtension.swift */ = {isa = PBXFileReference; lastKnownFileType = sourcecode.swift; path = UIViewControllerExtension.swift; sourceTree = "<group>"; };
		A4ED4D1128771C9F00481812 /* Oswald-Medium.ttf */ = {isa = PBXFileReference; lastKnownFileType = file; path = "Oswald-Medium.ttf"; sourceTree = "<group>"; };
		A4ED4D1328771CF100481812 /* Quicksand-Medium.ttf */ = {isa = PBXFileReference; lastKnownFileType = file; path = "Quicksand-Medium.ttf"; sourceTree = "<group>"; };
		A4ED4D1528771CFC00481812 /* Quicksand-Regular.ttf */ = {isa = PBXFileReference; lastKnownFileType = file; path = "Quicksand-Regular.ttf"; sourceTree = "<group>"; };
		A4ED4D172877203500481812 /* Oswald-Regular.ttf */ = {isa = PBXFileReference; lastKnownFileType = file; path = "Oswald-Regular.ttf"; sourceTree = "<group>"; };
/* End PBXFileReference section */

/* Begin PBXFrameworksBuildPhase section */
		A4ED4CE6287504CC00481812 /* Frameworks */ = {
			isa = PBXFrameworksBuildPhase;
			buildActionMask = 2147483647;
			files = (
				5C1BC9B6898671165CF38384 /* Pods_TriunfoChallengeP.framework in Frameworks */,
			);
			runOnlyForDeploymentPostprocessing = 0;
		};
/* End PBXFrameworksBuildPhase section */

/* Begin PBXGroup section */
		52EBD7599774A72AEF7C9B37 /* Pods */ = {
			isa = PBXGroup;
			children = (
				2DB4D0F6744AEF44A6A65964 /* Pods-TriunfoChallengeP.debug.xcconfig */,
				0300A574FD802F5D61AF4C88 /* Pods-TriunfoChallengeP.release.xcconfig */,
			);
			name = Pods;
			path = Pods;
			sourceTree = "<group>";
		};
		A4ED4CE0287504CC00481812 = {
			isa = PBXGroup;
			children = (
				A4ED4CEB287504CC00481812 /* TriunfoChallengeP */,
				A4ED4CEA287504CC00481812 /* Products */,
				52EBD7599774A72AEF7C9B37 /* Pods */,
				ADBF5206F3C844042F4AEFE5 /* Frameworks */,
			);
			sourceTree = "<group>";
		};
		A4ED4CEA287504CC00481812 /* Products */ = {
			isa = PBXGroup;
			children = (
				A4ED4CE9287504CC00481812 /* TriunfoChallengeP.app */,
			);
			name = Products;
			sourceTree = "<group>";
		};
		A4ED4CEB287504CC00481812 /* TriunfoChallengeP */ = {
			isa = PBXGroup;
			children = (
				A4ED4D1028771C6600481812 /* Fonts */,
				A4ED4D0E2877176000481812 /* UIViewControllerExtension.swift */,
				A4ED4D0A287635AF00481812 /* FeaturedCollectionViewController.swift */,
				A4ED4D062875A74B00481812 /* SearchViewController.swift */,
				A4ED4D042875A6F200481812 /* TrendingViewController.swift */,
				A4ED4CEC287504CC00481812 /* AppDelegate.swift */,
				A4ED4CEE287504CC00481812 /* SceneDelegate.swift */,
				A4ED4CF0287504CC00481812 /* ViewController.swift */,
				A4ED4CF2287504CC00481812 /* Main.storyboard */,
				A4ED4CF5287504CD00481812 /* Assets.xcassets */,
				A4ED4CF7287504CD00481812 /* LaunchScreen.storyboard */,
				A4ED4CFA287504CD00481812 /* Info.plist */,
				A4ED4D00287505A300481812 /* TabBar.swift */,
			);
			path = TriunfoChallengeP;
			sourceTree = "<group>";
		};
		A4ED4D1028771C6600481812 /* Fonts */ = {
			isa = PBXGroup;
			children = (
				A4ED4D172877203500481812 /* Oswald-Regular.ttf */,
				A4ED4D1328771CF100481812 /* Quicksand-Medium.ttf */,
				A4ED4D1128771C9F00481812 /* Oswald-Medium.ttf */,
				A4ED4D1528771CFC00481812 /* Quicksand-Regular.ttf */,
			);
			path = Fonts;
			sourceTree = "<group>";
		};
		ADBF5206F3C844042F4AEFE5 /* Frameworks */ = {
			isa = PBXGroup;
			children = (
				9D75D5080E745D99FAD519C1 /* Pods_TriunfoChallengeP.framework */,
			);
			name = Frameworks;
			sourceTree = "<group>";
		};
/* End PBXGroup section */

/* Begin PBXNativeTarget section */
		A4ED4CE8287504CC00481812 /* TriunfoChallengeP */ = {
			isa = PBXNativeTarget;
			buildConfigurationList = A4ED4CFD287504CD00481812 /* Build configuration list for PBXNativeTarget "TriunfoChallengeP" */;
			buildPhases = (
				7AE477040582D66D93ABD64F /* [CP] Check Pods Manifest.lock */,
				A4ED4CE5287504CC00481812 /* Sources */,
				A4ED4CE6287504CC00481812 /* Frameworks */,
				A4ED4CE7287504CC00481812 /* Resources */,
				0C4663828E47AC405E5CDC0E /* [CP] Embed Pods Frameworks */,
			);
			buildRules = (
			);
			dependencies = (
			);
			name = TriunfoChallengeP;
			productName = TriunfoChallengeP;
			productReference = A4ED4CE9287504CC00481812 /* TriunfoChallengeP.app */;
			productType = "com.apple.product-type.application";
		};
/* End PBXNativeTarget section */

/* Begin PBXProject section */
		A4ED4CE1287504CC00481812 /* Project object */ = {
			isa = PBXProject;
			attributes = {
				BuildIndependentTargetsInParallel = 1;
				LastSwiftUpdateCheck = 1330;
				LastUpgradeCheck = 1330;
				TargetAttributes = {
					A4ED4CE8287504CC00481812 = {
						CreatedOnToolsVersion = 13.3.1;
					};
				};
			};
			buildConfigurationList = A4ED4CE4287504CC00481812 /* Build configuration list for PBXProject "TriunfoChallengeP" */;
			compatibilityVersion = "Xcode 13.0";
			developmentRegion = en;
			hasScannedForEncodings = 0;
			knownRegions = (
				en,
				Base,
			);
			mainGroup = A4ED4CE0287504CC00481812;
			productRefGroup = A4ED4CEA287504CC00481812 /* Products */;
			projectDirPath = "";
			projectRoot = "";
			targets = (
				A4ED4CE8287504CC00481812 /* TriunfoChallengeP */,
			);
		};
/* End PBXProject section */

/* Begin PBXResourcesBuildPhase section */
		A4ED4CE7287504CC00481812 /* Resources */ = {
			isa = PBXResourcesBuildPhase;
			buildActionMask = 2147483647;
			files = (
				A4ED4CF9287504CD00481812 /* LaunchScreen.storyboard in Resources */,
				A4ED4D1628771CFC00481812 /* Quicksand-Regular.ttf in Resources */,
				A4ED4D1228771C9F00481812 /* Oswald-Medium.ttf in Resources */,
				A4ED4D182877203500481812 /* Oswald-Regular.ttf in Resources */,
				A4ED4CF6287504CD00481812 /* Assets.xcassets in Resources */,
				A4ED4CF4287504CC00481812 /* Main.storyboard in Resources */,
				A4ED4D1428771CF100481812 /* Quicksand-Medium.ttf in Resources */,
			);
			runOnlyForDeploymentPostprocessing = 0;
		};
/* End PBXResourcesBuildPhase section */

/* Begin PBXShellScriptBuildPhase section */
		0C4663828E47AC405E5CDC0E /* [CP] Embed Pods Frameworks */ = {
			isa = PBXShellScriptBuildPhase;
			buildActionMask = 2147483647;
			files = (
			);
			inputFileListPaths = (
				"${PODS_ROOT}/Target Support Files/Pods-TriunfoChallengeP/Pods-TriunfoChallengeP-frameworks-${CONFIGURATION}-input-files.xcfilelist",
			);
			name = "[CP] Embed Pods Frameworks";
			outputFileListPaths = (
				"${PODS_ROOT}/Target Support Files/Pods-TriunfoChallengeP/Pods-TriunfoChallengeP-frameworks-${CONFIGURATION}-output-files.xcfilelist",
			);
			runOnlyForDeploymentPostprocessing = 0;
			shellPath = /bin/sh;
			shellScript = "\"${PODS_ROOT}/Target Support Files/Pods-TriunfoChallengeP/Pods-TriunfoChallengeP-frameworks.sh\"\n";
			showEnvVarsInLog = 0;
		};
		7AE477040582D66D93ABD64F /* [CP] Check Pods Manifest.lock */ = {
			isa = PBXShellScriptBuildPhase;
			buildActionMask = 2147483647;
			files = (
			);
			inputFileListPaths = (
			);
			inputPaths = (
				"${PODS_PODFILE_DIR_PATH}/Podfile.lock",
				"${PODS_ROOT}/Manifest.lock",
			);
			name = "[CP] Check Pods Manifest.lock";
			outputFileListPaths = (
			);
			outputPaths = (
				"$(DERIVED_FILE_DIR)/Pods-TriunfoChallengeP-checkManifestLockResult.txt",
			);
			runOnlyForDeploymentPostprocessing = 0;
			shellPath = /bin/sh;
			shellScript = "diff \"${PODS_PODFILE_DIR_PATH}/Podfile.lock\" \"${PODS_ROOT}/Manifest.lock\" > /dev/null\nif [ $? != 0 ] ; then\n    # print error to STDERR\n    echo \"error: The sandbox is not in sync with the Podfile.lock. Run 'pod install' or update your CocoaPods installation.\" >&2\n    exit 1\nfi\n# This output is used by Xcode 'outputs' to avoid re-running this script phase.\necho \"SUCCESS\" > \"${SCRIPT_OUTPUT_FILE_0}\"\n";
			showEnvVarsInLog = 0;
		};
/* End PBXShellScriptBuildPhase section */

/* Begin PBXSourcesBuildPhase section */
		A4ED4CE5287504CC00481812 /* Sources */ = {
			isa = PBXSourcesBuildPhase;
			buildActionMask = 2147483647;
			files = (
				A4ED4D072875A74B00481812 /* SearchViewController.swift in Sources */,
				A4ED4D01287505A300481812 /* TabBar.swift in Sources */,
				A4ED4CF1287504CC00481812 /* ViewController.swift in Sources */,
				A4ED4D052875A6F200481812 /* TrendingViewController.swift in Sources */,
				A4ED4D0F2877176000481812 /* UIViewControllerExtension.swift in Sources */,
				A4ED4CED287504CC00481812 /* AppDelegate.swift in Sources */,
				A4ED4D0B287635AF00481812 /* FeaturedCollectionViewController.swift in Sources */,
				A4ED4CEF287504CC00481812 /* SceneDelegate.swift in Sources */,
			);
			runOnlyForDeploymentPostprocessing = 0;
		};
/* End PBXSourcesBuildPhase section */

/* Begin PBXVariantGroup section */
		A4ED4CF2287504CC00481812 /* Main.storyboard */ = {
			isa = PBXVariantGroup;
			children = (
				A4ED4CF3287504CC00481812 /* Base */,
			);
			name = Main.storyboard;
			sourceTree = "<group>";
		};
		A4ED4CF7287504CD00481812 /* LaunchScreen.storyboard */ = {
			isa = PBXVariantGroup;
			children = (
				A4ED4CF8287504CD00481812 /* Base */,
			);
			name = LaunchScreen.storyboard;
			sourceTree = "<group>";
		};
/* End PBXVariantGroup section */

/* Begin XCBuildConfiguration section */
		A4ED4CFB287504CD00481812 /* Debug */ = {
			isa = XCBuildConfiguration;
			buildSettings = {
				ALWAYS_SEARCH_USER_PATHS = NO;
				CLANG_ANALYZER_NONNULL = YES;
				CLANG_ANALYZER_NUMBER_OBJECT_CONVERSION = YES_AGGRESSIVE;
				CLANG_CXX_LANGUAGE_STANDARD = "gnu++17";
				CLANG_ENABLE_MODULES = YES;
				CLANG_ENABLE_OBJC_ARC = YES;
				CLANG_ENABLE_OBJC_WEAK = YES;
				CLANG_WARN_BLOCK_CAPTURE_AUTORELEASING = YES;
				CLANG_WARN_BOOL_CONVERSION = YES;
				CLANG_WARN_COMMA = YES;
				CLANG_WARN_CONSTANT_CONVERSION = YES;
				CLANG_WARN_DEPRECATED_OBJC_IMPLEMENTATIONS = YES;
				CLANG_WARN_DIRECT_OBJC_ISA_USAGE = YES_ERROR;
				CLANG_WARN_DOCUMENTATION_COMMENTS = YES;
				CLANG_WARN_EMPTY_BODY = YES;
				CLANG_WARN_ENUM_CONVERSION = YES;
				CLANG_WARN_INFINITE_RECURSION = YES;
				CLANG_WARN_INT_CONVERSION = YES;
				CLANG_WARN_NON_LITERAL_NULL_CONVERSION = YES;
				CLANG_WARN_OBJC_IMPLICIT_RETAIN_SELF = YES;
				CLANG_WARN_OBJC_LITERAL_CONVERSION = YES;
				CLANG_WARN_OBJC_ROOT_CLASS = YES_ERROR;
				CLANG_WARN_QUOTED_INCLUDE_IN_FRAMEWORK_HEADER = YES;
				CLANG_WARN_RANGE_LOOP_ANALYSIS = YES;
				CLANG_WARN_STRICT_PROTOTYPES = YES;
				CLANG_WARN_SUSPICIOUS_MOVE = YES;
				CLANG_WARN_UNGUARDED_AVAILABILITY = YES_AGGRESSIVE;
				CLANG_WARN_UNREACHABLE_CODE = YES;
				CLANG_WARN__DUPLICATE_METHOD_MATCH = YES;
				COPY_PHASE_STRIP = NO;
				DEBUG_INFORMATION_FORMAT = dwarf;
				ENABLE_STRICT_OBJC_MSGSEND = YES;
				ENABLE_TESTABILITY = YES;
				GCC_C_LANGUAGE_STANDARD = gnu11;
				GCC_DYNAMIC_NO_PIC = NO;
				GCC_NO_COMMON_BLOCKS = YES;
				GCC_OPTIMIZATION_LEVEL = 0;
				GCC_PREPROCESSOR_DEFINITIONS = (
					"DEBUG=1",
					"$(inherited)",
				);
				GCC_WARN_64_TO_32_BIT_CONVERSION = YES;
				GCC_WARN_ABOUT_RETURN_TYPE = YES_ERROR;
				GCC_WARN_UNDECLARED_SELECTOR = YES;
				GCC_WARN_UNINITIALIZED_AUTOS = YES_AGGRESSIVE;
				GCC_WARN_UNUSED_FUNCTION = YES;
				GCC_WARN_UNUSED_VARIABLE = YES;
				IPHONEOS_DEPLOYMENT_TARGET = 15.4;
				MTL_ENABLE_DEBUG_INFO = INCLUDE_SOURCE;
				MTL_FAST_MATH = YES;
				ONLY_ACTIVE_ARCH = YES;
				SDKROOT = iphoneos;
				SWIFT_ACTIVE_COMPILATION_CONDITIONS = DEBUG;
				SWIFT_OPTIMIZATION_LEVEL = "-Onone";
			};
			name = Debug;
		};
		A4ED4CFC287504CD00481812 /* Release */ = {
			isa = XCBuildConfiguration;
			buildSettings = {
				ALWAYS_SEARCH_USER_PATHS = NO;
				CLANG_ANALYZER_NONNULL = YES;
				CLANG_ANALYZER_NUMBER_OBJECT_CONVERSION = YES_AGGRESSIVE;
				CLANG_CXX_LANGUAGE_STANDARD = "gnu++17";
				CLANG_ENABLE_MODULES = YES;
				CLANG_ENABLE_OBJC_ARC = YES;
				CLANG_ENABLE_OBJC_WEAK = YES;
				CLANG_WARN_BLOCK_CAPTURE_AUTORELEASING = YES;
				CLANG_WARN_BOOL_CONVERSION = YES;
				CLANG_WARN_COMMA = YES;
				CLANG_WARN_CONSTANT_CONVERSION = YES;
				CLANG_WARN_DEPRECATED_OBJC_IMPLEMENTATIONS = YES;
				CLANG_WARN_DIRECT_OBJC_ISA_USAGE = YES_ERROR;
				CLANG_WARN_DOCUMENTATION_COMMENTS = YES;
				CLANG_WARN_EMPTY_BODY = YES;
				CLANG_WARN_ENUM_CONVERSION = YES;
				CLANG_WARN_INFINITE_RECURSION = YES;
				CLANG_WARN_INT_CONVERSION = YES;
				CLANG_WARN_NON_LITERAL_NULL_CONVERSION = YES;
				CLANG_WARN_OBJC_IMPLICIT_RETAIN_SELF = YES;
				CLANG_WARN_OBJC_LITERAL_CONVERSION = YES;
				CLANG_WARN_OBJC_ROOT_CLASS = YES_ERROR;
				CLANG_WARN_QUOTED_INCLUDE_IN_FRAMEWORK_HEADER = YES;
				CLANG_WARN_RANGE_LOOP_ANALYSIS = YES;
				CLANG_WARN_STRICT_PROTOTYPES = YES;
				CLANG_WARN_SUSPICIOUS_MOVE = YES;
				CLANG_WARN_UNGUARDED_AVAILABILITY = YES_AGGRESSIVE;
				CLANG_WARN_UNREACHABLE_CODE = YES;
				CLANG_WARN__DUPLICATE_METHOD_MATCH = YES;
				COPY_PHASE_STRIP = NO;
				DEBUG_INFORMATION_FORMAT = "dwarf-with-dsym";
				ENABLE_NS_ASSERTIONS = NO;
				ENABLE_STRICT_OBJC_MSGSEND = YES;
				GCC_C_LANGUAGE_STANDARD = gnu11;
				GCC_NO_COMMON_BLOCKS = YES;
				GCC_WARN_64_TO_32_BIT_CONVERSION = YES;
				GCC_WARN_ABOUT_RETURN_TYPE = YES_ERROR;
				GCC_WARN_UNDECLARED_SELECTOR = YES;
				GCC_WARN_UNINITIALIZED_AUTOS = YES_AGGRESSIVE;
				GCC_WARN_UNUSED_FUNCTION = YES;
				GCC_WARN_UNUSED_VARIABLE = YES;
				IPHONEOS_DEPLOYMENT_TARGET = 15.4;
				MTL_ENABLE_DEBUG_INFO = NO;
				MTL_FAST_MATH = YES;
				SDKROOT = iphoneos;
				SWIFT_COMPILATION_MODE = wholemodule;
				SWIFT_OPTIMIZATION_LEVEL = "-O";
				VALIDATE_PRODUCT = YES;
			};
			name = Release;
		};
		A4ED4CFE287504CD00481812 /* Debug */ = {
			isa = XCBuildConfiguration;
			baseConfigurationReference = 2DB4D0F6744AEF44A6A65964 /* Pods-TriunfoChallengeP.debug.xcconfig */;
			buildSettings = {
				ASSETCATALOG_COMPILER_APPICON_NAME = AppIcon;
				ASSETCATALOG_COMPILER_GLOBAL_ACCENT_COLOR_NAME = AccentColor;
				CODE_SIGN_STYLE = Automatic;
				CURRENT_PROJECT_VERSION = 1;
				DEVELOPMENT_TEAM = 9YF48LKAWG;
				GENERATE_INFOPLIST_FILE = YES;
				INFOPLIST_FILE = TriunfoChallengeP/Info.plist;
				INFOPLIST_KEY_UIApplicationSupportsIndirectInputEvents = YES;
				INFOPLIST_KEY_UILaunchStoryboardName = LaunchScreen;
				INFOPLIST_KEY_UISupportedInterfaceOrientations_iPad = "UIInterfaceOrientationPortrait UIInterfaceOrientationPortraitUpsideDown UIInterfaceOrientationLandscapeLeft UIInterfaceOrientationLandscapeRight";
				INFOPLIST_KEY_UISupportedInterfaceOrientations_iPhone = "UIInterfaceOrientationPortrait UIInterfaceOrientationLandscapeLeft UIInterfaceOrientationLandscapeRight";
				LD_RUNPATH_SEARCH_PATHS = (
					"$(inherited)",
					"@executable_path/Frameworks",
				);
				MARKETING_VERSION = 1.0;
				PRODUCT_BUNDLE_IDENTIFIER = br.ufpe.cin.academy.TriunfoChallengeP;
				PRODUCT_NAME = "$(TARGET_NAME)";
				SWIFT_EMIT_LOC_STRINGS = YES;
				SWIFT_VERSION = 5.0;
				TARGETED_DEVICE_FAMILY = "1,2";
			};
			name = Debug;
		};
		A4ED4CFF287504CD00481812 /* Release */ = {
			isa = XCBuildConfiguration;
			baseConfigurationReference = 0300A574FD802F5D61AF4C88 /* Pods-TriunfoChallengeP.release.xcconfig */;
			buildSettings = {
				ASSETCATALOG_COMPILER_APPICON_NAME = AppIcon;
				ASSETCATALOG_COMPILER_GLOBAL_ACCENT_COLOR_NAME = AccentColor;
				CODE_SIGN_STYLE = Automatic;
				CURRENT_PROJECT_VERSION = 1;
				DEVELOPMENT_TEAM = 9YF48LKAWG;
				GENERATE_INFOPLIST_FILE = YES;
				INFOPLIST_FILE = TriunfoChallengeP/Info.plist;
				INFOPLIST_KEY_UIApplicationSupportsIndirectInputEvents = YES;
				INFOPLIST_KEY_UILaunchStoryboardName = LaunchScreen;
				INFOPLIST_KEY_UISupportedInterfaceOrientations_iPad = "UIInterfaceOrientationPortrait UIInterfaceOrientationPortraitUpsideDown UIInterfaceOrientationLandscapeLeft UIInterfaceOrientationLandscapeRight";
				INFOPLIST_KEY_UISupportedInterfaceOrientations_iPhone = "UIInterfaceOrientationPortrait UIInterfaceOrientationLandscapeLeft UIInterfaceOrientationLandscapeRight";
				LD_RUNPATH_SEARCH_PATHS = (
					"$(inherited)",
					"@executable_path/Frameworks",
				);
				MARKETING_VERSION = 1.0;
				PRODUCT_BUNDLE_IDENTIFIER = br.ufpe.cin.academy.TriunfoChallengeP;
				PRODUCT_NAME = "$(TARGET_NAME)";
				SWIFT_EMIT_LOC_STRINGS = YES;
				SWIFT_VERSION = 5.0;
				TARGETED_DEVICE_FAMILY = "1,2";
			};
			name = Release;
		};
/* End XCBuildConfiguration section */

/* Begin XCConfigurationList section */
		A4ED4CE4287504CC00481812 /* Build configuration list for PBXProject "TriunfoChallengeP" */ = {
			isa = XCConfigurationList;
			buildConfigurations = (
				A4ED4CFB287504CD00481812 /* Debug */,
				A4ED4CFC287504CD00481812 /* Release */,
			);
			defaultConfigurationIsVisible = 0;
			defaultConfigurationName = Release;
		};
		A4ED4CFD287504CD00481812 /* Build configuration list for PBXNativeTarget "TriunfoChallengeP" */ = {
			isa = XCConfigurationList;
			buildConfigurations = (
				A4ED4CFE287504CD00481812 /* Debug */,
				A4ED4CFF287504CD00481812 /* Release */,
			);
			defaultConfigurationIsVisible = 0;
			defaultConfigurationName = Release;
		};
/* End XCConfigurationList section */
	};
	rootObject = A4ED4CE1287504CC00481812 /* Project object */;
}
